// !$*UTF8*$!
{
	archiveVersion = 1;
	classes = {
	};
	objectVersion = 77;
	objects = {

/* Begin PBXContainerItemProxy section */
		9D9504F32D8C99F3003FD9D7 /* PBXContainerItemProxy */ = {
			isa = PBXContainerItemProxy;
			containerPortal = 9D9504DA2D8C99F1003FD9D7 /* Project object */;
			proxyType = 1;
			remoteGlobalIDString = 9D9504E12D8C99F1003FD9D7;
			remoteInfo = GreenThumbTracker;
		};
		9D9504FD2D8C99F3003FD9D7 /* PBXContainerItemProxy */ = {
			isa = PBXContainerItemProxy;
			containerPortal = 9D9504DA2D8C99F1003FD9D7 /* Project object */;
			proxyType = 1;
			remoteGlobalIDString = 9D9504E12D8C99F1003FD9D7;
			remoteInfo = GreenThumbTracker;
		};
/* End PBXContainerItemProxy section */

/* Begin PBXFileReference section */
		9D9504E22D8C99F1003FD9D7 /* GreenThumbTracker.app */ = {isa = PBXFileReference; explicitFileType = wrapper.application; includeInIndex = 0; path = GreenThumbTracker.app; sourceTree = BUILT_PRODUCTS_DIR; };
		9D9504F22D8C99F3003FD9D7 /* GreenThumbTrackerTests.xctest */ = {isa = PBXFileReference; explicitFileType = wrapper.cfbundle; includeInIndex = 0; path = GreenThumbTrackerTests.xctest; sourceTree = BUILT_PRODUCTS_DIR; };
		9D9504FC2D8C99F3003FD9D7 /* GreenThumbTrackerUITests.xctest */ = {isa = PBXFileReference; explicitFileType = wrapper.cfbundle; includeInIndex = 0; path = GreenThumbTrackerUITests.xctest; sourceTree = BUILT_PRODUCTS_DIR; };
/* End PBXFileReference section */

/* Begin PBXFileSystemSynchronizedBuildFileExceptionSet section */
		9D8889732DA8EF12007E0B35 /* Exceptions for "GreenThumbTracker" folder in "GreenThumbTracker" target */ = {
			isa = PBXFileSystemSynchronizedBuildFileExceptionSet;
			membershipExceptions = (
				Info.plist,
			);
			target = 9D9504E12D8C99F1003FD9D7 /* GreenThumbTracker */;
		};
/* End PBXFileSystemSynchronizedBuildFileExceptionSet section */

/* Begin PBXFileSystemSynchronizedRootGroup section */
		9D9504E42D8C99F1003FD9D7 /* GreenThumbTracker */ = {
			isa = PBXFileSystemSynchronizedRootGroup;
			exceptions = (
				9D8889732DA8EF12007E0B35 /* Exceptions for "GreenThumbTracker" folder in "GreenThumbTracker" target */,
			);
			path = GreenThumbTracker;
			sourceTree = "<group>";
		};
		9D9504F52D8C99F3003FD9D7 /* GreenThumbTrackerTests */ = {
			isa = PBXFileSystemSynchronizedRootGroup;
			path = GreenThumbTrackerTests;
			sourceTree = "<group>";
		};
		9D9504FF2D8C99F3003FD9D7 /* GreenThumbTrackerUITests */ = {
			isa = PBXFileSystemSynchronizedRootGroup;
			path = GreenThumbTrackerUITests;
			sourceTree = "<group>";
		};
/* End PBXFileSystemSynchronizedRootGroup section */

/* Begin PBXFrameworksBuildPhase section */
		9D9504DF2D8C99F1003FD9D7 /* Frameworks */ = {
			isa = PBXFrameworksBuildPhase;
			buildActionMask = 2147483647;
			files = (
			);
			runOnlyForDeploymentPostprocessing = 0;
		};
		9D9504EF2D8C99F3003FD9D7 /* Frameworks */ = {
			isa = PBXFrameworksBuildPhase;
			buildActionMask = 2147483647;
			files = (
			);
			runOnlyForDeploymentPostprocessing = 0;
		};
		9D9504F92D8C99F3003FD9D7 /* Frameworks */ = {
			isa = PBXFrameworksBuildPhase;
			buildActionMask = 2147483647;
			files = (
			);
			runOnlyForDeploymentPostprocessing = 0;
		};
/* End PBXFrameworksBuildPhase section */

/* Begin PBXGroup section */
		9D9504D92D8C99F1003FD9D7 = {
			isa = PBXGroup;
			children = (
				9D9504E42D8C99F1003FD9D7 /* GreenThumbTracker */,
				9D9504F52D8C99F3003FD9D7 /* GreenThumbTrackerTests */,
				9D9504FF2D8C99F3003FD9D7 /* GreenThumbTrackerUITests */,
				9D9504E32D8C99F1003FD9D7 /* Products */,
			);
			sourceTree = "<group>";
		};
		9D9504E32D8C99F1003FD9D7 /* Products */ = {
			isa = PBXGroup;
			children = (
				9D9504E22D8C99F1003FD9D7 /* GreenThumbTracker.app */,
				9D9504F22D8C99F3003FD9D7 /* GreenThumbTrackerTests.xctest */,
				9D9504FC2D8C99F3003FD9D7 /* GreenThumbTrackerUITests.xctest */,
			);
			name = Products;
			sourceTree = "<group>";
		};
/* End PBXGroup section */

/* Begin PBXNativeTarget section */
		9D9504E12D8C99F1003FD9D7 /* GreenThumbTracker */ = {
			isa = PBXNativeTarget;
			buildConfigurationList = 9D9505062D8C99F3003FD9D7 /* Build configuration list for PBXNativeTarget "GreenThumbTracker" */;
			buildPhases = (
				9D9504DE2D8C99F1003FD9D7 /* Sources */,
				9D9504DF2D8C99F1003FD9D7 /* Frameworks */,
				9D9504E02D8C99F1003FD9D7 /* Resources */,
			);
			buildRules = (
			);
			dependencies = (
			);
			fileSystemSynchronizedGroups = (
				9D9504E42D8C99F1003FD9D7 /* GreenThumbTracker */,
			);
			name = GreenThumbTracker;
			packageProductDependencies = (
			);
			productName = GreenThumbTracker;
			productReference = 9D9504E22D8C99F1003FD9D7 /* GreenThumbTracker.app */;
			productType = "com.apple.product-type.application";
		};
		9D9504F12D8C99F3003FD9D7 /* GreenThumbTrackerTests */ = {
			isa = PBXNativeTarget;
			buildConfigurationList = 9D9505092D8C99F3003FD9D7 /* Build configuration list for PBXNativeTarget "GreenThumbTrackerTests" */;
			buildPhases = (
				9D9504EE2D8C99F3003FD9D7 /* Sources */,
				9D9504EF2D8C99F3003FD9D7 /* Frameworks */,
				9D9504F02D8C99F3003FD9D7 /* Resources */,
			);
			buildRules = (
			);
			dependencies = (
				9D9504F42D8C99F3003FD9D7 /* PBXTargetDependency */,
			);
			fileSystemSynchronizedGroups = (
				9D9504F52D8C99F3003FD9D7 /* GreenThumbTrackerTests */,
			);
			name = GreenThumbTrackerTests;
			packageProductDependencies = (
			);
			productName = GreenThumbTrackerTests;
			productReference = 9D9504F22D8C99F3003FD9D7 /* GreenThumbTrackerTests.xctest */;
			productType = "com.apple.product-type.bundle.unit-test";
		};
		9D9504FB2D8C99F3003FD9D7 /* GreenThumbTrackerUITests */ = {
			isa = PBXNativeTarget;
			buildConfigurationList = 9D95050C2D8C99F3003FD9D7 /* Build configuration list for PBXNativeTarget "GreenThumbTrackerUITests" */;
			buildPhases = (
				9D9504F82D8C99F3003FD9D7 /* Sources */,
				9D9504F92D8C99F3003FD9D7 /* Frameworks */,
				9D9504FA2D8C99F3003FD9D7 /* Resources */,
			);
			buildRules = (
			);
			dependencies = (
				9D9504FE2D8C99F3003FD9D7 /* PBXTargetDependency */,
			);
			fileSystemSynchronizedGroups = (
				9D9504FF2D8C99F3003FD9D7 /* GreenThumbTrackerUITests */,
			);
			name = GreenThumbTrackerUITests;
			packageProductDependencies = (
			);
			productName = GreenThumbTrackerUITests;
			productReference = 9D9504FC2D8C99F3003FD9D7 /* GreenThumbTrackerUITests.xctest */;
			productType = "com.apple.product-type.bundle.ui-testing";
		};
/* End PBXNativeTarget section */

/* Begin PBXProject section */
		9D9504DA2D8C99F1003FD9D7 /* Project object */ = {
			isa = PBXProject;
			attributes = {
				BuildIndependentTargetsInParallel = 1;
				LastSwiftUpdateCheck = 1620;
				LastUpgradeCheck = 1620;
				TargetAttributes = {
					9D9504E12D8C99F1003FD9D7 = {
						CreatedOnToolsVersion = 16.2;
					};
					9D9504F12D8C99F3003FD9D7 = {
						CreatedOnToolsVersion = 16.2;
						TestTargetID = 9D9504E12D8C99F1003FD9D7;
					};
					9D9504FB2D8C99F3003FD9D7 = {
						CreatedOnToolsVersion = 16.2;
						TestTargetID = 9D9504E12D8C99F1003FD9D7;
					};
				};
			};
			buildConfigurationList = 9D9504DD2D8C99F1003FD9D7 /* Build configuration list for PBXProject "GreenThumbTracker" */;
			developmentRegion = en;
			hasScannedForEncodings = 0;
			knownRegions = (
				en,
				Base,
			);
			mainGroup = 9D9504D92D8C99F1003FD9D7;
			minimizedProjectReferenceProxies = 1;
			preferredProjectObjectVersion = 77;
			productRefGroup = 9D9504E32D8C99F1003FD9D7 /* Products */;
			projectDirPath = "";
			projectRoot = "";
			targets = (
				9D9504E12D8C99F1003FD9D7 /* GreenThumbTracker */,
				9D9504F12D8C99F3003FD9D7 /* GreenThumbTrackerTests */,
				9D9504FB2D8C99F3003FD9D7 /* GreenThumbTrackerUITests */,
			);
		};
/* End PBXProject section */

/* Begin PBXResourcesBuildPhase section */
		9D9504E02D8C99F1003FD9D7 /* Resources */ = {
			isa = PBXResourcesBuildPhase;
			buildActionMask = 2147483647;
			files = (
			);
			runOnlyForDeploymentPostprocessing = 0;
		};
		9D9504F02D8C99F3003FD9D7 /* Resources */ = {
			isa = PBXResourcesBuildPhase;
			buildActionMask = 2147483647;
			files = (
			);
			runOnlyForDeploymentPostprocessing = 0;
		};
		9D9504FA2D8C99F3003FD9D7 /* Resources */ = {
			isa = PBXResourcesBuildPhase;
			buildActionMask = 2147483647;
			files = (
			);
			runOnlyForDeploymentPostprocessing = 0;
		};
/* End PBXResourcesBuildPhase section */

/* Begin PBXSourcesBuildPhase section */
		9D9504DE2D8C99F1003FD9D7 /* Sources */ = {
			isa = PBXSourcesBuildPhase;
			buildActionMask = 2147483647;
			files = (
			);
			runOnlyForDeploymentPostprocessing = 0;
		};
		9D9504EE2D8C99F3003FD9D7 /* Sources */ = {
			isa = PBXSourcesBuildPhase;
			buildActionMask = 2147483647;
			files = (
			);
			runOnlyForDeploymentPostprocessing = 0;
		};
		9D9504F82D8C99F3003FD9D7 /* Sources */ = {
			isa = PBXSourcesBuildPhase;
			buildActionMask = 2147483647;
			files = (
			);
			runOnlyForDeploymentPostprocessing = 0;
		};
/* End PBXSourcesBuildPhase section */

/* Begin PBXTargetDependency section */
		9D9504F42D8C99F3003FD9D7 /* PBXTargetDependency */ = {
			isa = PBXTargetDependency;
			target = 9D9504E12D8C99F1003FD9D7 /* GreenThumbTracker */;
			targetProxy = 9D9504F32D8C99F3003FD9D7 /* PBXContainerItemProxy */;
		};
		9D9504FE2D8C99F3003FD9D7 /* PBXTargetDependency */ = {
			isa = PBXTargetDependency;
			target = 9D9504E12D8C99F1003FD9D7 /* GreenThumbTracker */;
			targetProxy = 9D9504FD2D8C99F3003FD9D7 /* PBXContainerItemProxy */;
		};
/* End PBXTargetDependency section */

/* Begin XCBuildConfiguration section */
		9D9505042D8C99F3003FD9D7 /* Debug */ = {
			isa = XCBuildConfiguration;
			buildSettings = {
				ALWAYS_SEARCH_USER_PATHS = NO;
				ASSETCATALOG_COMPILER_GENERATE_SWIFT_ASSET_SYMBOL_EXTENSIONS = YES;
				CLANG_ANALYZER_NONNULL = YES;
				CLANG_ANALYZER_NUMBER_OBJECT_CONVERSION = YES_AGGRESSIVE;
				CLANG_CXX_LANGUAGE_STANDARD = "gnu++20";
				CLANG_ENABLE_MODULES = YES;
				CLANG_ENABLE_OBJC_ARC = YES;
				CLANG_ENABLE_OBJC_WEAK = YES;
				CLANG_WARN_BLOCK_CAPTURE_AUTORELEASING = YES;
				CLANG_WARN_BOOL_CONVERSION = YES;
				CLANG_WARN_COMMA = YES;
				CLANG_WARN_CONSTANT_CONVERSION = YES;
				CLANG_WARN_DEPRECATED_OBJC_IMPLEMENTATIONS = YES;
				CLANG_WARN_DIRECT_OBJC_ISA_USAGE = YES_ERROR;
				CLANG_WARN_DOCUMENTATION_COMMENTS = YES;
				CLANG_WARN_EMPTY_BODY = YES;
				CLANG_WARN_ENUM_CONVERSION = YES;
				CLANG_WARN_INFINITE_RECURSION = YES;
				CLANG_WARN_INT_CONVERSION = YES;
				CLANG_WARN_NON_LITERAL_NULL_CONVERSION = YES;
				CLANG_WARN_OBJC_IMPLICIT_RETAIN_SELF = YES;
				CLANG_WARN_OBJC_LITERAL_CONVERSION = YES;
				CLANG_WARN_OBJC_ROOT_CLASS = YES_ERROR;
				CLANG_WARN_QUOTED_INCLUDE_IN_FRAMEWORK_HEADER = YES;
				CLANG_WARN_RANGE_LOOP_ANALYSIS = YES;
				CLANG_WARN_STRICT_PROTOTYPES = YES;
				CLANG_WARN_SUSPICIOUS_MOVE = YES;
				CLANG_WARN_UNGUARDED_AVAILABILITY = YES_AGGRESSIVE;
				CLANG_WARN_UNREACHABLE_CODE = YES;
				CLANG_WARN__DUPLICATE_METHOD_MATCH = YES;
				COPY_PHASE_STRIP = NO;
				DEBUG_INFORMATION_FORMAT = dwarf;
				ENABLE_STRICT_OBJC_MSGSEND = YES;
				ENABLE_TESTABILITY = YES;
				ENABLE_USER_SCRIPT_SANDBOXING = YES;
				GCC_C_LANGUAGE_STANDARD = gnu17;
				GCC_DYNAMIC_NO_PIC = NO;
				GCC_NO_COMMON_BLOCKS = YES;
				GCC_OPTIMIZATION_LEVEL = 0;
				GCC_PREPROCESSOR_DEFINITIONS = (
					"DEBUG=1",
					"$(inherited)",
				);
				GCC_WARN_64_TO_32_BIT_CONVERSION = YES;
				GCC_WARN_ABOUT_RETURN_TYPE = YES_ERROR;
				GCC_WARN_UNDECLARED_SELECTOR = YES;
				GCC_WARN_UNINITIALIZED_AUTOS = YES_AGGRESSIVE;
				GCC_WARN_UNUSED_FUNCTION = YES;
				GCC_WARN_UNUSED_VARIABLE = YES;
				INFOPLIST_KEY_UIApplicationSupportsIndirectInputEvents = YES;
				IPHONEOS_DEPLOYMENT_TARGET = 18.2;
				LOCALIZATION_PREFERS_STRING_CATALOGS = YES;
				MTL_ENABLE_DEBUG_INFO = INCLUDE_SOURCE;
				MTL_FAST_MATH = YES;
				ONLY_ACTIVE_ARCH = YES;
				SDKROOT = iphoneos;
				SWIFT_ACTIVE_COMPILATION_CONDITIONS = "DEBUG $(inherited)";
				SWIFT_OPTIMIZATION_LEVEL = "-Onone";
			};
			name = Debug;
		};
		9D9505052D8C99F3003FD9D7 /* Release */ = {
			isa = XCBuildConfiguration;
			buildSettings = {
				ALWAYS_SEARCH_USER_PATHS = NO;
				ASSETCATALOG_COMPILER_GENERATE_SWIFT_ASSET_SYMBOL_EXTENSIONS = YES;
				CLANG_ANALYZER_NONNULL = YES;
				CLANG_ANALYZER_NUMBER_OBJECT_CONVERSION = YES_AGGRESSIVE;
				CLANG_CXX_LANGUAGE_STANDARD = "gnu++20";
				CLANG_ENABLE_MODULES = YES;
				CLANG_ENABLE_OBJC_ARC = YES;
				CLANG_ENABLE_OBJC_WEAK = YES;
				CLANG_WARN_BLOCK_CAPTURE_AUTORELEASING = YES;
				CLANG_WARN_BOOL_CONVERSION = YES;
				CLANG_WARN_COMMA = YES;
				CLANG_WARN_CONSTANT_CONVERSION = YES;
				CLANG_WARN_DEPRECATED_OBJC_IMPLEMENTATIONS = YES;
				CLANG_WARN_DIRECT_OBJC_ISA_USAGE = YES_ERROR;
				CLANG_WARN_DOCUMENTATION_COMMENTS = YES;
				CLANG_WARN_EMPTY_BODY = YES;
				CLANG_WARN_ENUM_CONVERSION = YES;
				CLANG_WARN_INFINITE_RECURSION = YES;
				CLANG_WARN_INT_CONVERSION = YES;
				CLANG_WARN_NON_LITERAL_NULL_CONVERSION = YES;
				CLANG_WARN_OBJC_IMPLICIT_RETAIN_SELF = YES;
				CLANG_WARN_OBJC_LITERAL_CONVERSION = YES;
				CLANG_WARN_OBJC_ROOT_CLASS = YES_ERROR;
				CLANG_WARN_QUOTED_INCLUDE_IN_FRAMEWORK_HEADER = YES;
				CLANG_WARN_RANGE_LOOP_ANALYSIS = YES;
				CLANG_WARN_STRICT_PROTOTYPES = YES;
				CLANG_WARN_SUSPICIOUS_MOVE = YES;
				CLANG_WARN_UNGUARDED_AVAILABILITY = YES_AGGRESSIVE;
				CLANG_WARN_UNREACHABLE_CODE = YES;
				CLANG_WARN__DUPLICATE_METHOD_MATCH = YES;
				COPY_PHASE_STRIP = NO;
				DEBUG_INFORMATION_FORMAT = "dwarf-with-dsym";
				ENABLE_NS_ASSERTIONS = NO;
				ENABLE_STRICT_OBJC_MSGSEND = YES;
				ENABLE_USER_SCRIPT_SANDBOXING = YES;
				GCC_C_LANGUAGE_STANDARD = gnu17;
				GCC_NO_COMMON_BLOCKS = YES;
				GCC_WARN_64_TO_32_BIT_CONVERSION = YES;
				GCC_WARN_ABOUT_RETURN_TYPE = YES_ERROR;
				GCC_WARN_UNDECLARED_SELECTOR = YES;
				GCC_WARN_UNINITIALIZED_AUTOS = YES_AGGRESSIVE;
				GCC_WARN_UNUSED_FUNCTION = YES;
				GCC_WARN_UNUSED_VARIABLE = YES;
				INFOPLIST_KEY_UIApplicationSupportsIndirectInputEvents = YES;
				IPHONEOS_DEPLOYMENT_TARGET = 18.2;
				LOCALIZATION_PREFERS_STRING_CATALOGS = YES;
				MTL_ENABLE_DEBUG_INFO = NO;
				MTL_FAST_MATH = YES;
				SDKROOT = iphoneos;
				SWIFT_COMPILATION_MODE = wholemodule;
				VALIDATE_PRODUCT = YES;
			};
			name = Release;
		};
		9D9505072D8C99F3003FD9D7 /* Debug */ = {
			isa = XCBuildConfiguration;
			buildSettings = {
				ASSETCATALOG_COMPILER_APPICON_NAME = AppIcon;
				ASSETCATALOG_COMPILER_GLOBAL_ACCENT_COLOR_NAME = AccentColor;
				CODE_SIGN_STYLE = Automatic;
				CURRENT_PROJECT_VERSION = 1;
				DEVELOPMENT_ASSET_PATHS = "\"GreenThumbTracker/Preview Content\"";
				DEVELOPMENT_TEAM = 3M7M35VMHG;
				ENABLE_PREVIEWS = YES;
				GENERATE_INFOPLIST_FILE = NO;
				INFOPLIST_FILE = GreenThumbTracker/Info.plist;
				INFOPLIST_KEY_UIApplicationSceneManifest_Generation = YES;
				INFOPLIST_KEY_UIApplicationSupportsIndirectInputEvents = YES;
				INFOPLIST_KEY_UILaunchScreen_Generation = YES;
				INFOPLIST_KEY_UISupportedInterfaceOrientations_iPad = "UIInterfaceOrientationPortrait UIInterfaceOrientationPortraitUpsideDown UIInterfaceOrientationLandscapeLeft UIInterfaceOrientationLandscapeRight";
				INFOPLIST_KEY_UISupportedInterfaceOrientations_iPhone = "UIInterfaceOrientationPortrait UIInterfaceOrientationLandscapeLeft UIInterfaceOrientationLandscapeRight";
				INFOPLIST_PREPROCESS = YES;
				LD_RUNPATH_SEARCH_PATHS = (
					"$(inherited)",
					"@executable_path/Frameworks",
				);
				MARKETING_VERSION = 1.0;
				PRODUCT_BUNDLE_IDENTIFIER = tobybuckmaster.GreenThumbTracker;
				PRODUCT_NAME = "$(TARGET_NAME)";
				SWIFT_EMIT_LOC_STRINGS = YES;
				SWIFT_VERSION = 5.0;
				TARGETED_DEVICE_FAMILY = "1,2";
			};
			name = Debug;
		};
		9D9505082D8C99F3003FD9D7 /* Release */ = {
			isa = XCBuildConfiguration;
			buildSettings = {
				ASSETCATALOG_COMPILER_APPICON_NAME = AppIcon;
				ASSETCATALOG_COMPILER_GLOBAL_ACCENT_COLOR_NAME = AccentColor;
				CODE_SIGN_STYLE = Automatic;
				CURRENT_PROJECT_VERSION = 1;
				DEVELOPMENT_ASSET_PATHS = "\"GreenThumbTracker/Preview Content\"";
				DEVELOPMENT_TEAM = 3M7M35VMHG;
				ENABLE_PREVIEWS = YES;
				GENERATE_INFOPLIST_FILE = NO;
				INFOPLIST_FILE = GreenThumbTracker/Info.plist;
				INFOPLIST_KEY_UIApplicationSceneManifest_Generation = YES;
				INFOPLIST_KEY_UIApplicationSupportsIndirectInputEvents = YES;
				INFOPLIST_KEY_UILaunchScreen_Generation = YES;
				INFOPLIST_KEY_UISupportedInterfaceOrientations_iPad = "UIInterfaceOrientationPortrait UIInterfaceOrientationPortraitUpsideDown UIInterfaceOrientationLandscapeLeft UIInterfaceOrientationLandscapeRight";
				INFOPLIST_KEY_UISupportedInterfaceOrientations_iPhone = "UIInterfaceOrientationPortrait UIInterfaceOrientationLandscapeLeft UIInterfaceOrientationLandscapeRight";
				INFOPLIST_PREPROCESS = YES;
				LD_RUNPATH_SEARCH_PATHS = (
					"$(inherited)",
					"@executable_path/Frameworks",
				);
				MARKETING_VERSION = 1.0;
				PRODUCT_BUNDLE_IDENTIFIER = tobybuckmaster.GreenThumbTracker;
				PRODUCT_NAME = "$(TARGET_NAME)";
				SWIFT_EMIT_LOC_STRINGS = YES;
				SWIFT_VERSION = 5.0;
				TARGETED_DEVICE_FAMILY = "1,2";
			};
			name = Release;
		};
		9D95050A2D8C99F3003FD9D7 /* Debug */ = {
			isa = XCBuildConfiguration;
			buildSettings = {
				BUNDLE_LOADER = "$(TEST_HOST)";
				CODE_SIGN_STYLE = Automatic;
				CURRENT_PROJECT_VERSION = 1;
				GENERATE_INFOPLIST_FILE = YES;
				IPHONEOS_DEPLOYMENT_TARGET = 18.2;
				MARKETING_VERSION = 1.0;
				PRODUCT_BUNDLE_IDENTIFIER = tobybuckmaster.GreenThumbTrackerTests;
				PRODUCT_NAME = "$(TARGET_NAME)";
				SWIFT_EMIT_LOC_STRINGS = NO;
				SWIFT_VERSION = 5.0;
				TARGETED_DEVICE_FAMILY = "1,2";
				TEST_HOST = "$(BUILT_PRODUCTS_DIR)/GreenThumbTracker.app/$(BUNDLE_EXECUTABLE_FOLDER_PATH)/GreenThumbTracker";
			};
			name = Debug;
		};
		9D95050B2D8C99F3003FD9D7 /* Release */ = {
			isa = XCBuildConfiguration;
			buildSettings = {
				BUNDLE_LOADER = "$(TEST_HOST)";
				CODE_SIGN_STYLE = Automatic;
				CURRENT_PROJECT_VERSION = 1;
				GENERATE_INFOPLIST_FILE = YES;
				IPHONEOS_DEPLOYMENT_TARGET = 18.2;
				MARKETING_VERSION = 1.0;
				PRODUCT_BUNDLE_IDENTIFIER = tobybuckmaster.GreenThumbTrackerTests;
				PRODUCT_NAME = "$(TARGET_NAME)";
				SWIFT_EMIT_LOC_STRINGS = NO;
				SWIFT_VERSION = 5.0;
				TARGETED_DEVICE_FAMILY = "1,2";
				TEST_HOST = "$(BUILT_PRODUCTS_DIR)/GreenThumbTracker.app/$(BUNDLE_EXECUTABLE_FOLDER_PATH)/GreenThumbTracker";
			};
			name = Release;
		};
		9D95050D2D8C99F3003FD9D7 /* Debug */ = {
			isa = XCBuildConfiguration;
			buildSettings = {
				CODE_SIGN_STYLE = Automatic;
				CURRENT_PROJECT_VERSION = 1;
				GENERATE_INFOPLIST_FILE = YES;
				MARKETING_VERSION = 1.0;
				PRODUCT_BUNDLE_IDENTIFIER = tobybuckmaster.GreenThumbTrackerUITests;
				PRODUCT_NAME = "$(TARGET_NAME)";
				SWIFT_EMIT_LOC_STRINGS = NO;
				SWIFT_VERSION = 5.0;
				TARGETED_DEVICE_FAMILY = "1,2";
				TEST_TARGET_NAME = GreenThumbTracker;
			};
			name = Debug;
		};
		9D95050E2D8C99F3003FD9D7 /* Release */ = {
			isa = XCBuildConfiguration;
			buildSettings = {
				CODE_SIGN_STYLE = Automatic;
				CURRENT_PROJECT_VERSION = 1;
				GENERATE_INFOPLIST_FILE = YES;
				MARKETING_VERSION = 1.0;
				PRODUCT_BUNDLE_IDENTIFIER = tobybuckmaster.GreenThumbTrackerUITests;
				PRODUCT_NAME = "$(TARGET_NAME)";
				SWIFT_EMIT_LOC_STRINGS = NO;
				SWIFT_VERSION = 5.0;
				TARGETED_DEVICE_FAMILY = "1,2";
				TEST_TARGET_NAME = GreenThumbTracker;
			};
			name = Release;
		};
/* End XCBuildConfiguration section */

/* Begin XCConfigurationList section */
		9D9504DD2D8C99F1003FD9D7 /* Build configuration list for PBXProject "GreenThumbTracker" */ = {
			isa = XCConfigurationList;
			buildConfigurations = (
				9D9505042D8C99F3003FD9D7 /* Debug */,
				9D9505052D8C99F3003FD9D7 /* Release */,
			);
			defaultConfigurationIsVisible = 0;
			defaultConfigurationName = Release;
		};
		9D9505062D8C99F3003FD9D7 /* Build configuration list for PBXNativeTarget "GreenThumbTracker" */ = {
			isa = XCConfigurationList;
			buildConfigurations = (
				9D9505072D8C99F3003FD9D7 /* Debug */,
				9D9505082D8C99F3003FD9D7 /* Release */,
			);
			defaultConfigurationIsVisible = 0;
			defaultConfigurationName = Release;
		};
		9D9505092D8C99F3003FD9D7 /* Build configuration list for PBXNativeTarget "GreenThumbTrackerTests" */ = {
			isa = XCConfigurationList;
			buildConfigurations = (
				9D95050A2D8C99F3003FD9D7 /* Debug */,
				9D95050B2D8C99F3003FD9D7 /* Release */,
			);
			defaultConfigurationIsVisible = 0;
			defaultConfigurationName = Release;
		};
		9D95050C2D8C99F3003FD9D7 /* Build configuration list for PBXNativeTarget "GreenThumbTrackerUITests" */ = {
			isa = XCConfigurationList;
			buildConfigurations = (
				9D95050D2D8C99F3003FD9D7 /* Debug */,
				9D95050E2D8C99F3003FD9D7 /* Release */,
			);
			defaultConfigurationIsVisible = 0;
			defaultConfigurationName = Release;
		};
/* End XCConfigurationList section */
	};
	rootObject = 9D9504DA2D8C99F1003FD9D7 /* Project object */;
}
